// !$*UTF8*$!
{
	archiveVersion = 1;
	classes = {
	};
	objectVersion = 77;
	objects = {

/* Begin PBXBuildFile section */
		4EE590F52E8CF57A00D72D1A /* RxBlocking in Frameworks */ = {isa = PBXBuildFile; productRef = 4EE590F42E8CF57A00D72D1A /* RxBlocking */; };
		4EE590F92E8CF57A00D72D1A /* RxCocoa in Frameworks */ = {isa = PBXBuildFile; productRef = 4EE590F82E8CF57A00D72D1A /* RxCocoa */; };
		4EE590FD2E8CF57A00D72D1A /* RxRelay in Frameworks */ = {isa = PBXBuildFile; productRef = 4EE590FC2E8CF57A00D72D1A /* RxRelay */; };
/* End PBXBuildFile section */

/* Begin PBXContainerItemProxy section */
		4EE590D72E8CEDAB00D72D1A /* PBXContainerItemProxy */ = {
			isa = PBXContainerItemProxy;
			containerPortal = 4EE590C12E8CEDA900D72D1A /* Project object */;
			proxyType = 1;
			remoteGlobalIDString = 4EE590C82E8CEDA900D72D1A;
			remoteInfo = baraka_assignment;
		};
		4EE590E12E8CEDAB00D72D1A /* PBXContainerItemProxy */ = {
			isa = PBXContainerItemProxy;
			containerPortal = 4EE590C12E8CEDA900D72D1A /* Project object */;
			proxyType = 1;
			remoteGlobalIDString = 4EE590C82E8CEDA900D72D1A;
			remoteInfo = baraka_assignment;
		};
/* End PBXContainerItemProxy section */

/* Begin PBXFileReference section */
		4EE590C92E8CEDA900D72D1A /* baraka_assignment.app */ = {isa = PBXFileReference; explicitFileType = wrapper.application; includeInIndex = 0; path = baraka_assignment.app; sourceTree = BUILT_PRODUCTS_DIR; };
		4EE590D62E8CEDAB00D72D1A /* baraka_assignmentTests.xctest */ = {isa = PBXFileReference; explicitFileType = wrapper.cfbundle; includeInIndex = 0; path = baraka_assignmentTests.xctest; sourceTree = BUILT_PRODUCTS_DIR; };
		4EE590E02E8CEDAB00D72D1A /* baraka_assignmentUITests.xctest */ = {isa = PBXFileReference; explicitFileType = wrapper.cfbundle; includeInIndex = 0; path = baraka_assignmentUITests.xctest; sourceTree = BUILT_PRODUCTS_DIR; };
/* End PBXFileReference section */

/* Begin PBXFileSystemSynchronizedRootGroup section */
		4EE590CB2E8CEDA900D72D1A /* baraka_assignment */ = {
			isa = PBXFileSystemSynchronizedRootGroup;
			path = baraka_assignment;
			sourceTree = "<group>";
		};
		4EE590D92E8CEDAB00D72D1A /* baraka_assignmentTests */ = {
			isa = PBXFileSystemSynchronizedRootGroup;
			path = baraka_assignmentTests;
			sourceTree = "<group>";
		};
		4EE590E32E8CEDAB00D72D1A /* baraka_assignmentUITests */ = {
			isa = PBXFileSystemSynchronizedRootGroup;
			path = baraka_assignmentUITests;
			sourceTree = "<group>";
		};
/* End PBXFileSystemSynchronizedRootGroup section */

/* Begin PBXFrameworksBuildPhase section */
		4EE590C62E8CEDA900D72D1A /* Frameworks */ = {
			isa = PBXFrameworksBuildPhase;
			buildActionMask = 2147483647;
			files = (
				4EE590FD2E8CF57A00D72D1A /* RxRelay in Frameworks */,
				4EE590F92E8CF57A00D72D1A /* RxCocoa in Frameworks */,
				4EE590F52E8CF57A00D72D1A /* RxBlocking in Frameworks */,
			);
			runOnlyForDeploymentPostprocessing = 0;
		};
		4EE590D32E8CEDAB00D72D1A /* Frameworks */ = {
			isa = PBXFrameworksBuildPhase;
			buildActionMask = 2147483647;
			files = (
			);
			runOnlyForDeploymentPostprocessing = 0;
		};
		4EE590DD2E8CEDAB00D72D1A /* Frameworks */ = {
			isa = PBXFrameworksBuildPhase;
			buildActionMask = 2147483647;
			files = (
			);
			runOnlyForDeploymentPostprocessing = 0;
		};
/* End PBXFrameworksBuildPhase section */

/* Begin PBXGroup section */
		4EE590C02E8CEDA900D72D1A = {
			isa = PBXGroup;
			children = (
				4EE590CB2E8CEDA900D72D1A /* baraka_assignment */,
				4EE590D92E8CEDAB00D72D1A /* baraka_assignmentTests */,
				4EE590E32E8CEDAB00D72D1A /* baraka_assignmentUITests */,
				4EE590CA2E8CEDA900D72D1A /* Products */,
			);
			sourceTree = "<group>";
		};
		4EE590CA2E8CEDA900D72D1A /* Products */ = {
			isa = PBXGroup;
			children = (
				4EE590C92E8CEDA900D72D1A /* baraka_assignment.app */,
				4EE590D62E8CEDAB00D72D1A /* baraka_assignmentTests.xctest */,
				4EE590E02E8CEDAB00D72D1A /* baraka_assignmentUITests.xctest */,
			);
			name = Products;
			sourceTree = "<group>";
		};
/* End PBXGroup section */

/* Begin PBXNativeTarget section */
		4EE590C82E8CEDA900D72D1A /* baraka_assignment */ = {
			isa = PBXNativeTarget;
			buildConfigurationList = 4EE590EA2E8CEDAB00D72D1A /* Build configuration list for PBXNativeTarget "baraka_assignment" */;
			buildPhases = (
				4EE590C52E8CEDA900D72D1A /* Sources */,
				4EE590C62E8CEDA900D72D1A /* Frameworks */,
				4EE590C72E8CEDA900D72D1A /* Resources */,
			);
			buildRules = (
			);
			dependencies = (
			);
			fileSystemSynchronizedGroups = (
				4EE590CB2E8CEDA900D72D1A /* baraka_assignment */,
			);
			name = baraka_assignment;
			packageProductDependencies = (
				4EE590F42E8CF57A00D72D1A /* RxBlocking */,
				4EE590F82E8CF57A00D72D1A /* RxCocoa */,
				4EE590FC2E8CF57A00D72D1A /* RxRelay */,
			);
			productName = baraka_assignment;
			productReference = 4EE590C92E8CEDA900D72D1A /* baraka_assignment.app */;
			productType = "com.apple.product-type.application";
		};
		4EE590D52E8CEDAB00D72D1A /* baraka_assignmentTests */ = {
			isa = PBXNativeTarget;
			buildConfigurationList = 4EE590ED2E8CEDAB00D72D1A /* Build configuration list for PBXNativeTarget "baraka_assignmentTests" */;
			buildPhases = (
				4EE590D22E8CEDAB00D72D1A /* Sources */,
				4EE590D32E8CEDAB00D72D1A /* Frameworks */,
				4EE590D42E8CEDAB00D72D1A /* Resources */,
			);
			buildRules = (
			);
			dependencies = (
				4EE590D82E8CEDAB00D72D1A /* PBXTargetDependency */,
			);
			fileSystemSynchronizedGroups = (
				4EE590D92E8CEDAB00D72D1A /* baraka_assignmentTests */,
			);
			name = baraka_assignmentTests;
			packageProductDependencies = (
			);
			productName = baraka_assignmentTests;
			productReference = 4EE590D62E8CEDAB00D72D1A /* baraka_assignmentTests.xctest */;
			productType = "com.apple.product-type.bundle.unit-test";
		};
		4EE590DF2E8CEDAB00D72D1A /* baraka_assignmentUITests */ = {
			isa = PBXNativeTarget;
			buildConfigurationList = 4EE590F02E8CEDAB00D72D1A /* Build configuration list for PBXNativeTarget "baraka_assignmentUITests" */;
			buildPhases = (
				4EE590DC2E8CEDAB00D72D1A /* Sources */,
				4EE590DD2E8CEDAB00D72D1A /* Frameworks */,
				4EE590DE2E8CEDAB00D72D1A /* Resources */,
			);
			buildRules = (
			);
			dependencies = (
				4EE590E22E8CEDAB00D72D1A /* PBXTargetDependency */,
			);
			fileSystemSynchronizedGroups = (
				4EE590E32E8CEDAB00D72D1A /* baraka_assignmentUITests */,
			);
			name = baraka_assignmentUITests;
			packageProductDependencies = (
			);
			productName = baraka_assignmentUITests;
			productReference = 4EE590E02E8CEDAB00D72D1A /* baraka_assignmentUITests.xctest */;
			productType = "com.apple.product-type.bundle.ui-testing";
		};
/* End PBXNativeTarget section */

/* Begin PBXProject section */
		4EE590C12E8CEDA900D72D1A /* Project object */ = {
			isa = PBXProject;
			attributes = {
				BuildIndependentTargetsInParallel = 1;
				LastSwiftUpdateCheck = 2600;
				LastUpgradeCheck = 2600;
				TargetAttributes = {
					4EE590C82E8CEDA900D72D1A = {
						CreatedOnToolsVersion = 26.0.1;
					};
					4EE590D52E8CEDAB00D72D1A = {
						CreatedOnToolsVersion = 26.0.1;
						TestTargetID = 4EE590C82E8CEDA900D72D1A;
					};
					4EE590DF2E8CEDAB00D72D1A = {
						CreatedOnToolsVersion = 26.0.1;
						TestTargetID = 4EE590C82E8CEDA900D72D1A;
					};
				};
			};
			buildConfigurationList = 4EE590C42E8CEDA900D72D1A /* Build configuration list for PBXProject "baraka_assignment" */;
			developmentRegion = en;
			hasScannedForEncodings = 0;
			knownRegions = (
				en,
				Base,
			);
			mainGroup = 4EE590C02E8CEDA900D72D1A;
			minimizedProjectReferenceProxies = 1;
			packageReferences = (
				4EE590F32E8CF57A00D72D1A /* XCRemoteSwiftPackageReference "RxSwift" */,
			);
			preferredProjectObjectVersion = 77;
			productRefGroup = 4EE590CA2E8CEDA900D72D1A /* Products */;
			projectDirPath = "";
			projectRoot = "";
			targets = (
				4EE590C82E8CEDA900D72D1A /* baraka_assignment */,
				4EE590D52E8CEDAB00D72D1A /* baraka_assignmentTests */,
				4EE590DF2E8CEDAB00D72D1A /* baraka_assignmentUITests */,
			);
		};
/* End PBXProject section */

/* Begin PBXResourcesBuildPhase section */
		4EE590C72E8CEDA900D72D1A /* Resources */ = {
			isa = PBXResourcesBuildPhase;
			buildActionMask = 2147483647;
			files = (
			);
			runOnlyForDeploymentPostprocessing = 0;
		};
		4EE590D42E8CEDAB00D72D1A /* Resources */ = {
			isa = PBXResourcesBuildPhase;
			buildActionMask = 2147483647;
			files = (
			);
			runOnlyForDeploymentPostprocessing = 0;
		};
		4EE590DE2E8CEDAB00D72D1A /* Resources */ = {
			isa = PBXResourcesBuildPhase;
			buildActionMask = 2147483647;
			files = (
			);
			runOnlyForDeploymentPostprocessing = 0;
		};
/* End PBXResourcesBuildPhase section */

/* Begin PBXSourcesBuildPhase section */
		4EE590C52E8CEDA900D72D1A /* Sources */ = {
			isa = PBXSourcesBuildPhase;
			buildActionMask = 2147483647;
			files = (
			);
			runOnlyForDeploymentPostprocessing = 0;
		};
		4EE590D22E8CEDAB00D72D1A /* Sources */ = {
			isa = PBXSourcesBuildPhase;
			buildActionMask = 2147483647;
			files = (
			);
			runOnlyForDeploymentPostprocessing = 0;
		};
		4EE590DC2E8CEDAB00D72D1A /* Sources */ = {
			isa = PBXSourcesBuildPhase;
			buildActionMask = 2147483647;
			files = (
			);
			runOnlyForDeploymentPostprocessing = 0;
		};
/* End PBXSourcesBuildPhase section */

/* Begin PBXTargetDependency section */
		4EE590D82E8CEDAB00D72D1A /* PBXTargetDependency */ = {
			isa = PBXTargetDependency;
			target = 4EE590C82E8CEDA900D72D1A /* baraka_assignment */;
			targetProxy = 4EE590D72E8CEDAB00D72D1A /* PBXContainerItemProxy */;
		};
		4EE590E22E8CEDAB00D72D1A /* PBXTargetDependency */ = {
			isa = PBXTargetDependency;
			target = 4EE590C82E8CEDA900D72D1A /* baraka_assignment */;
			targetProxy = 4EE590E12E8CEDAB00D72D1A /* PBXContainerItemProxy */;
		};
/* End PBXTargetDependency section */

/* Begin XCBuildConfiguration section */
		4EE590E82E8CEDAB00D72D1A /* Debug */ = {
			isa = XCBuildConfiguration;
			buildSettings = {
				ALWAYS_SEARCH_USER_PATHS = NO;
				ASSETCATALOG_COMPILER_GENERATE_SWIFT_ASSET_SYMBOL_EXTENSIONS = YES;
				CLANG_ANALYZER_NONNULL = YES;
				CLANG_ANALYZER_NUMBER_OBJECT_CONVERSION = YES_AGGRESSIVE;
				CLANG_CXX_LANGUAGE_STANDARD = "gnu++20";
				CLANG_ENABLE_MODULES = YES;
				CLANG_ENABLE_OBJC_ARC = YES;
				CLANG_ENABLE_OBJC_WEAK = YES;
				CLANG_WARN_BLOCK_CAPTURE_AUTORELEASING = YES;
				CLANG_WARN_BOOL_CONVERSION = YES;
				CLANG_WARN_COMMA = YES;
				CLANG_WARN_CONSTANT_CONVERSION = YES;
				CLANG_WARN_DEPRECATED_OBJC_IMPLEMENTATIONS = YES;
				CLANG_WARN_DIRECT_OBJC_ISA_USAGE = YES_ERROR;
				CLANG_WARN_DOCUMENTATION_COMMENTS = YES;
				CLANG_WARN_EMPTY_BODY = YES;
				CLANG_WARN_ENUM_CONVERSION = YES;
				CLANG_WARN_INFINITE_RECURSION = YES;
				CLANG_WARN_INT_CONVERSION = YES;
				CLANG_WARN_NON_LITERAL_NULL_CONVERSION = YES;
				CLANG_WARN_OBJC_IMPLICIT_RETAIN_SELF = YES;
				CLANG_WARN_OBJC_LITERAL_CONVERSION = YES;
				CLANG_WARN_OBJC_ROOT_CLASS = YES_ERROR;
				CLANG_WARN_QUOTED_INCLUDE_IN_FRAMEWORK_HEADER = YES;
				CLANG_WARN_RANGE_LOOP_ANALYSIS = YES;
				CLANG_WARN_STRICT_PROTOTYPES = YES;
				CLANG_WARN_SUSPICIOUS_MOVE = YES;
				CLANG_WARN_UNGUARDED_AVAILABILITY = YES_AGGRESSIVE;
				CLANG_WARN_UNREACHABLE_CODE = YES;
				CLANG_WARN__DUPLICATE_METHOD_MATCH = YES;
				COPY_PHASE_STRIP = NO;
				DEBUG_INFORMATION_FORMAT = dwarf;
				ENABLE_STRICT_OBJC_MSGSEND = YES;
				ENABLE_TESTABILITY = YES;
				ENABLE_USER_SCRIPT_SANDBOXING = YES;
				GCC_C_LANGUAGE_STANDARD = gnu17;
				GCC_DYNAMIC_NO_PIC = NO;
				GCC_NO_COMMON_BLOCKS = YES;
				GCC_OPTIMIZATION_LEVEL = 0;
				GCC_PREPROCESSOR_DEFINITIONS = (
					"DEBUG=1",
					"$(inherited)",
				);
				GCC_WARN_64_TO_32_BIT_CONVERSION = YES;
				GCC_WARN_ABOUT_RETURN_TYPE = YES_ERROR;
				GCC_WARN_UNDECLARED_SELECTOR = YES;
				GCC_WARN_UNINITIALIZED_AUTOS = YES_AGGRESSIVE;
				GCC_WARN_UNUSED_FUNCTION = YES;
				GCC_WARN_UNUSED_VARIABLE = YES;
				IPHONEOS_DEPLOYMENT_TARGET = 26.0;
				LOCALIZATION_PREFERS_STRING_CATALOGS = YES;
				MTL_ENABLE_DEBUG_INFO = INCLUDE_SOURCE;
				MTL_FAST_MATH = YES;
				ONLY_ACTIVE_ARCH = YES;
				SDKROOT = iphoneos;
				SWIFT_ACTIVE_COMPILATION_CONDITIONS = "DEBUG $(inherited)";
				SWIFT_OPTIMIZATION_LEVEL = "-Onone";
			};
			name = Debug;
		};
		4EE590E92E8CEDAB00D72D1A /* Release */ = {
			isa = XCBuildConfiguration;
			buildSettings = {
				ALWAYS_SEARCH_USER_PATHS = NO;
				ASSETCATALOG_COMPILER_GENERATE_SWIFT_ASSET_SYMBOL_EXTENSIONS = YES;
				CLANG_ANALYZER_NONNULL = YES;
				CLANG_ANALYZER_NUMBER_OBJECT_CONVERSION = YES_AGGRESSIVE;
				CLANG_CXX_LANGUAGE_STANDARD = "gnu++20";
				CLANG_ENABLE_MODULES = YES;
				CLANG_ENABLE_OBJC_ARC = YES;
				CLANG_ENABLE_OBJC_WEAK = YES;
				CLANG_WARN_BLOCK_CAPTURE_AUTORELEASING = YES;
				CLANG_WARN_BOOL_CONVERSION = YES;
				CLANG_WARN_COMMA = YES;
				CLANG_WARN_CONSTANT_CONVERSION = YES;
				CLANG_WARN_DEPRECATED_OBJC_IMPLEMENTATIONS = YES;
				CLANG_WARN_DIRECT_OBJC_ISA_USAGE = YES_ERROR;
				CLANG_WARN_DOCUMENTATION_COMMENTS = YES;
				CLANG_WARN_EMPTY_BODY = YES;
				CLANG_WARN_ENUM_CONVERSION = YES;
				CLANG_WARN_INFINITE_RECURSION = YES;
				CLANG_WARN_INT_CONVERSION = YES;
				CLANG_WARN_NON_LITERAL_NULL_CONVERSION = YES;
				CLANG_WARN_OBJC_IMPLICIT_RETAIN_SELF = YES;
				CLANG_WARN_OBJC_LITERAL_CONVERSION = YES;
				CLANG_WARN_OBJC_ROOT_CLASS = YES_ERROR;
				CLANG_WARN_QUOTED_INCLUDE_IN_FRAMEWORK_HEADER = YES;
				CLANG_WARN_RANGE_LOOP_ANALYSIS = YES;
				CLANG_WARN_STRICT_PROTOTYPES = YES;
				CLANG_WARN_SUSPICIOUS_MOVE = YES;
				CLANG_WARN_UNGUARDED_AVAILABILITY = YES_AGGRESSIVE;
				CLANG_WARN_UNREACHABLE_CODE = YES;
				CLANG_WARN__DUPLICATE_METHOD_MATCH = YES;
				COPY_PHASE_STRIP = NO;
				DEBUG_INFORMATION_FORMAT = "dwarf-with-dsym";
				ENABLE_NS_ASSERTIONS = NO;
				ENABLE_STRICT_OBJC_MSGSEND = YES;
				ENABLE_USER_SCRIPT_SANDBOXING = YES;
				GCC_C_LANGUAGE_STANDARD = gnu17;
				GCC_NO_COMMON_BLOCKS = YES;
				GCC_WARN_64_TO_32_BIT_CONVERSION = YES;
				GCC_WARN_ABOUT_RETURN_TYPE = YES_ERROR;
				GCC_WARN_UNDECLARED_SELECTOR = YES;
				GCC_WARN_UNINITIALIZED_AUTOS = YES_AGGRESSIVE;
				GCC_WARN_UNUSED_FUNCTION = YES;
				GCC_WARN_UNUSED_VARIABLE = YES;
				IPHONEOS_DEPLOYMENT_TARGET = 26.0;
				LOCALIZATION_PREFERS_STRING_CATALOGS = YES;
				MTL_ENABLE_DEBUG_INFO = NO;
				MTL_FAST_MATH = YES;
				SDKROOT = iphoneos;
				SWIFT_COMPILATION_MODE = wholemodule;
				VALIDATE_PRODUCT = YES;
			};
			name = Release;
		};
		4EE590EB2E8CEDAB00D72D1A /* Debug */ = {
			isa = XCBuildConfiguration;
			buildSettings = {
				ASSETCATALOG_COMPILER_APPICON_NAME = AppIcon;
				ASSETCATALOG_COMPILER_GLOBAL_ACCENT_COLOR_NAME = AccentColor;
				CODE_SIGN_STYLE = Automatic;
				CURRENT_PROJECT_VERSION = 1;
				ENABLE_PREVIEWS = YES;
				GENERATE_INFOPLIST_FILE = YES;
				INFOPLIST_KEY_UIApplicationSceneManifest_Generation = YES;
				INFOPLIST_KEY_UIApplicationSupportsIndirectInputEvents = YES;
				INFOPLIST_KEY_UILaunchScreen_Generation = YES;
				INFOPLIST_KEY_UISupportedInterfaceOrientations_iPad = "UIInterfaceOrientationPortrait UIInterfaceOrientationPortraitUpsideDown UIInterfaceOrientationLandscapeLeft UIInterfaceOrientationLandscapeRight";
				INFOPLIST_KEY_UISupportedInterfaceOrientations_iPhone = "UIInterfaceOrientationPortrait UIInterfaceOrientationLandscapeLeft UIInterfaceOrientationLandscapeRight";
				LD_RUNPATH_SEARCH_PATHS = (
					"$(inherited)",
					"@executable_path/Frameworks",
				);
				MARKETING_VERSION = 1.0;
				PRODUCT_BUNDLE_IDENTIFIER = "com.test.baraka-assignment";
				PRODUCT_NAME = "$(TARGET_NAME)";
				STRING_CATALOG_GENERATE_SYMBOLS = YES;
				SWIFT_APPROACHABLE_CONCURRENCY = YES;
				SWIFT_DEFAULT_ACTOR_ISOLATION = MainActor;
				SWIFT_EMIT_LOC_STRINGS = YES;
				SWIFT_UPCOMING_FEATURE_MEMBER_IMPORT_VISIBILITY = YES;
				SWIFT_VERSION = 5.0;
				TARGETED_DEVICE_FAMILY = "1,2";
			};
			name = Debug;
		};
		4EE590EC2E8CEDAB00D72D1A /* Release */ = {
			isa = XCBuildConfiguration;
			buildSettings = {
				ASSETCATALOG_COMPILER_APPICON_NAME = AppIcon;
				ASSETCATALOG_COMPILER_GLOBAL_ACCENT_COLOR_NAME = AccentColor;
				CODE_SIGN_STYLE = Automatic;
				CURRENT_PROJECT_VERSION = 1;
				ENABLE_PREVIEWS = YES;
				GENERATE_INFOPLIST_FILE = YES;
				INFOPLIST_KEY_UIApplicationSceneManifest_Generation = YES;
				INFOPLIST_KEY_UIApplicationSupportsIndirectInputEvents = YES;
				INFOPLIST_KEY_UILaunchScreen_Generation = YES;
				INFOPLIST_KEY_UISupportedInterfaceOrientations_iPad = "UIInterfaceOrientationPortrait UIInterfaceOrientationPortraitUpsideDown UIInterfaceOrientationLandscapeLeft UIInterfaceOrientationLandscapeRight";
				INFOPLIST_KEY_UISupportedInterfaceOrientations_iPhone = "UIInterfaceOrientationPortrait UIInterfaceOrientationLandscapeLeft UIInterfaceOrientationLandscapeRight";
				LD_RUNPATH_SEARCH_PATHS = (
					"$(inherited)",
					"@executable_path/Frameworks",
				);
				MARKETING_VERSION = 1.0;
				PRODUCT_BUNDLE_IDENTIFIER = "com.test.baraka-assignment";
				PRODUCT_NAME = "$(TARGET_NAME)";
				STRING_CATALOG_GENERATE_SYMBOLS = YES;
				SWIFT_APPROACHABLE_CONCURRENCY = YES;
				SWIFT_DEFAULT_ACTOR_ISOLATION = MainActor;
				SWIFT_EMIT_LOC_STRINGS = YES;
				SWIFT_UPCOMING_FEATURE_MEMBER_IMPORT_VISIBILITY = YES;
				SWIFT_VERSION = 5.0;
				TARGETED_DEVICE_FAMILY = "1,2";
			};
			name = Release;
		};
		4EE590EE2E8CEDAB00D72D1A /* Debug */ = {
			isa = XCBuildConfiguration;
			buildSettings = {
				BUNDLE_LOADER = "$(TEST_HOST)";
				CODE_SIGN_STYLE = Automatic;
				CURRENT_PROJECT_VERSION = 1;
				GENERATE_INFOPLIST_FILE = YES;
				IPHONEOS_DEPLOYMENT_TARGET = 26.0;
				MARKETING_VERSION = 1.0;
				PRODUCT_BUNDLE_IDENTIFIER = "com.test.baraka-assignmentTests";
				PRODUCT_NAME = "$(TARGET_NAME)";
				STRING_CATALOG_GENERATE_SYMBOLS = NO;
				SWIFT_APPROACHABLE_CONCURRENCY = YES;
				SWIFT_EMIT_LOC_STRINGS = NO;
				SWIFT_UPCOMING_FEATURE_MEMBER_IMPORT_VISIBILITY = YES;
				SWIFT_VERSION = 5.0;
				TARGETED_DEVICE_FAMILY = "1,2";
				TEST_HOST = "$(BUILT_PRODUCTS_DIR)/baraka_assignment.app/$(BUNDLE_EXECUTABLE_FOLDER_PATH)/baraka_assignment";
			};
			name = Debug;
		};
		4EE590EF2E8CEDAB00D72D1A /* Release */ = {
			isa = XCBuildConfiguration;
			buildSettings = {
				BUNDLE_LOADER = "$(TEST_HOST)";
				CODE_SIGN_STYLE = Automatic;
				CURRENT_PROJECT_VERSION = 1;
				GENERATE_INFOPLIST_FILE = YES;
				IPHONEOS_DEPLOYMENT_TARGET = 26.0;
				MARKETING_VERSION = 1.0;
				PRODUCT_BUNDLE_IDENTIFIER = "com.test.baraka-assignmentTests";
				PRODUCT_NAME = "$(TARGET_NAME)";
				STRING_CATALOG_GENERATE_SYMBOLS = NO;
				SWIFT_APPROACHABLE_CONCURRENCY = YES;
				SWIFT_EMIT_LOC_STRINGS = NO;
				SWIFT_UPCOMING_FEATURE_MEMBER_IMPORT_VISIBILITY = YES;
				SWIFT_VERSION = 5.0;
				TARGETED_DEVICE_FAMILY = "1,2";
				TEST_HOST = "$(BUILT_PRODUCTS_DIR)/baraka_assignment.app/$(BUNDLE_EXECUTABLE_FOLDER_PATH)/baraka_assignment";
			};
			name = Release;
		};
		4EE590F12E8CEDAB00D72D1A /* Debug */ = {
			isa = XCBuildConfiguration;
			buildSettings = {
				CODE_SIGN_STYLE = Automatic;
				CURRENT_PROJECT_VERSION = 1;
				GENERATE_INFOPLIST_FILE = YES;
				MARKETING_VERSION = 1.0;
				PRODUCT_BUNDLE_IDENTIFIER = "com.test.baraka-assignmentUITests";
				PRODUCT_NAME = "$(TARGET_NAME)";
				STRING_CATALOG_GENERATE_SYMBOLS = NO;
				SWIFT_APPROACHABLE_CONCURRENCY = YES;
				SWIFT_EMIT_LOC_STRINGS = NO;
				SWIFT_UPCOMING_FEATURE_MEMBER_IMPORT_VISIBILITY = YES;
				SWIFT_VERSION = 5.0;
				TARGETED_DEVICE_FAMILY = "1,2";
				TEST_TARGET_NAME = baraka_assignment;
			};
			name = Debug;
		};
		4EE590F22E8CEDAB00D72D1A /* Release */ = {
			isa = XCBuildConfiguration;
			buildSettings = {
				CODE_SIGN_STYLE = Automatic;
				CURRENT_PROJECT_VERSION = 1;
				GENERATE_INFOPLIST_FILE = YES;
				MARKETING_VERSION = 1.0;
				PRODUCT_BUNDLE_IDENTIFIER = "com.test.baraka-assignmentUITests";
				PRODUCT_NAME = "$(TARGET_NAME)";
				STRING_CATALOG_GENERATE_SYMBOLS = NO;
				SWIFT_APPROACHABLE_CONCURRENCY = YES;
				SWIFT_EMIT_LOC_STRINGS = NO;
				SWIFT_UPCOMING_FEATURE_MEMBER_IMPORT_VISIBILITY = YES;
				SWIFT_VERSION = 5.0;
				TARGETED_DEVICE_FAMILY = "1,2";
				TEST_TARGET_NAME = baraka_assignment;
			};
			name = Release;
		};
/* End XCBuildConfiguration section */

/* Begin XCConfigurationList section */
		4EE590C42E8CEDA900D72D1A /* Build configuration list for PBXProject "baraka_assignment" */ = {
			isa = XCConfigurationList;
			buildConfigurations = (
				4EE590E82E8CEDAB00D72D1A /* Debug */,
				4EE590E92E8CEDAB00D72D1A /* Release */,
			);
			defaultConfigurationIsVisible = 0;
			defaultConfigurationName = Release;
		};
		4EE590EA2E8CEDAB00D72D1A /* Build configuration list for PBXNativeTarget "baraka_assignment" */ = {
			isa = XCConfigurationList;
			buildConfigurations = (
				4EE590EB2E8CEDAB00D72D1A /* Debug */,
				4EE590EC2E8CEDAB00D72D1A /* Release */,
			);
			defaultConfigurationIsVisible = 0;
			defaultConfigurationName = Release;
		};
		4EE590ED2E8CEDAB00D72D1A /* Build configuration list for PBXNativeTarget "baraka_assignmentTests" */ = {
			isa = XCConfigurationList;
			buildConfigurations = (
				4EE590EE2E8CEDAB00D72D1A /* Debug */,
				4EE590EF2E8CEDAB00D72D1A /* Release */,
			);
			defaultConfigurationIsVisible = 0;
			defaultConfigurationName = Release;
		};
		4EE590F02E8CEDAB00D72D1A /* Build configuration list for PBXNativeTarget "baraka_assignmentUITests" */ = {
			isa = XCConfigurationList;
			buildConfigurations = (
				4EE590F12E8CEDAB00D72D1A /* Debug */,
				4EE590F22E8CEDAB00D72D1A /* Release */,
			);
			defaultConfigurationIsVisible = 0;
			defaultConfigurationName = Release;
		};
/* End XCConfigurationList section */

/* Begin XCRemoteSwiftPackageReference section */
		4EE590F32E8CF57A00D72D1A /* XCRemoteSwiftPackageReference "RxSwift" */ = {
			isa = XCRemoteSwiftPackageReference;
			repositoryURL = "https://github.com/ReactiveX/RxSwift.git";
			requirement = {
				kind = upToNextMajorVersion;
				minimumVersion = 6.9.0;
			};
		};
/* End XCRemoteSwiftPackageReference section */

/* Begin XCSwiftPackageProductDependency section */
		4EE590F42E8CF57A00D72D1A /* RxBlocking */ = {
			isa = XCSwiftPackageProductDependency;
			package = 4EE590F32E8CF57A00D72D1A /* XCRemoteSwiftPackageReference "RxSwift" */;
			productName = RxBlocking;
		};
		4EE590F82E8CF57A00D72D1A /* RxCocoa */ = {
			isa = XCSwiftPackageProductDependency;
			package = 4EE590F32E8CF57A00D72D1A /* XCRemoteSwiftPackageReference "RxSwift" */;
			productName = RxCocoa;
		};
		4EE590FC2E8CF57A00D72D1A /* RxRelay */ = {
			isa = XCSwiftPackageProductDependency;
			package = 4EE590F32E8CF57A00D72D1A /* XCRemoteSwiftPackageReference "RxSwift" */;
			productName = RxRelay;
		};
/* End XCSwiftPackageProductDependency section */
	};
	rootObject = 4EE590C12E8CEDA900D72D1A /* Project object */;
}
